
Microsoft Visual Studio Solution File, Format Version 12.00
Project("{FAE04EC0-301F-11D3-BF4B-00C04F79EFBC}") = "PO.Project.Api", "PO.Project.Api\PO.Project.Api.csproj", "{C6C4644D-6362-4633-925E-92AC6659A27F}"
EndProject
Project("{FAE04EC0-301F-11D3-BF4B-00C04F79EFBC}") = "PO.Project.Domain", "PO.Project.Domain\PO.Project.Domain.csproj", "{A6B1590B-8281-46E3-B771-B351F2F7F1AD}"
EndProject
Project("{FAE04EC0-301F-11D3-BF4B-00C04F79EFBC}") = "PO.Project.Infrastructure", "PO.Project.Infrastructure\PO.Project.Infrastructure.csproj", "{F3F3B2D6-DA38-448B-BD2A-A3D81F5BBABE}"
EndProject
Global
	GlobalSection(SolutionConfigurationPlatforms) = preSolution
		Debug|Any CPU = Debug|Any CPU
		Release|Any CPU = Release|Any CPU
	EndGlobalSection
	GlobalSection(ProjectConfigurationPlatforms) = postSolution
		{C6C4644D-6362-4633-925E-92AC6659A27F}.Debug|Any CPU.ActiveCfg = Debug|Any CPU
		{C6C4644D-6362-4633-925E-92AC6659A27F}.Debug|Any CPU.Build.0 = Debug|Any CPU
		{C6C4644D-6362-4633-925E-92AC6659A27F}.Release|Any CPU.ActiveCfg = Release|Any CPU
		{C6C4644D-6362-4633-925E-92AC6659A27F}.Release|Any CPU.Build.0 = Release|Any CPU
		{A6B1590B-8281-46E3-B771-B351F2F7F1AD}.Debug|Any CPU.ActiveCfg = Debug|Any CPU
		{A6B1590B-8281-46E3-B771-B351F2F7F1AD}.Debug|Any CPU.Build.0 = Debug|Any CPU
		{A6B1590B-8281-46E3-B771-B351F2F7F1AD}.Release|Any CPU.ActiveCfg = Release|Any CPU
		{A6B1590B-8281-46E3-B771-B351F2F7F1AD}.Release|Any CPU.Build.0 = Release|Any CPU
		{F3F3B2D6-DA38-448B-BD2A-A3D81F5BBABE}.Debug|Any CPU.ActiveCfg = Debug|Any CPU
		{F3F3B2D6-DA38-448B-BD2A-A3D81F5BBABE}.Debug|Any CPU.Build.0 = Debug|Any CPU
		{F3F3B2D6-DA38-448B-BD2A-A3D81F5BBABE}.Release|Any CPU.ActiveCfg = Release|Any CPU
		{F3F3B2D6-DA38-448B-BD2A-A3D81F5BBABE}.Release|Any CPU.Build.0 = Release|Any CPU
	EndGlobalSection
EndGlobal
